PODS:
  - Texture/Core (2.8.1)
  - TextureBridging (1.2.1):
    - Texture/Core (~> 2.8.1)
  - TextureSwiftSupport (1.4.1):
    - Texture/Core (~> 2.8)

DEPENDENCIES:
  - "Texture/Core (from `git@github.com:TextureGroup/Texture`)"
  - TextureBridging
  - TextureSwiftSupport

SPEC REPOS:
  trunk:
    - TextureBridging
    - TextureSwiftSupport

EXTERNAL SOURCES:
  Texture:
    :git: "git@github.com:TextureGroup/Texture"

CHECKOUT OPTIONS:
  Texture:
    :commit: 65a65a6daf6ce5734be5a5f8cff04dd0ed82db08
    :git: "git@github.com:TextureGroup/Texture"

SPEC CHECKSUMS:
  Texture: 95cfad2ed5e7f06c32e34278c39d386568481f73
  TextureBridging: f354b8749042557480c3ece1be1489c02eb74a37
  TextureSwiftSupport: b0e99f51da478d32c32f7cb091deb907a7931bfe

PODFILE CHECKSUM: 06bb651b7baf7e1bbc25c20e6fc49e06ab8ead19

COCOAPODS: 1.8.4
